
Microsoft Visual Studio Solution File, Format Version 12.00
# Visual Studio Version 17
VisualStudioVersion = 17.5.33516.290
MinimumVisualStudioVersion = 10.0.40219.1
Project("{FAE04EC0-301F-11D3-BF4B-00C04F79EFBC}") = "JanKenPo", "JanKenPo\JanKenPo.csproj", "{A1DC5C8D-9CB3-4910-B19E-E6A7D4BA5682}"
EndProject
Global
	GlobalSection(SolutionConfigurationPlatforms) = preSolution
		Debug|Any CPU = Debug|Any CPU
		Release|Any CPU = Release|Any CPU
	EndGlobalSection
	GlobalSection(ProjectConfigurationPlatforms) = postSolution
		{A1DC5C8D-9CB3-4910-B19E-E6A7D4BA5682}.Debug|Any CPU.ActiveCfg = Debug|Any CPU
		{A1DC5C8D-9CB3-4910-B19E-E6A7D4BA5682}.Debug|Any CPU.Build.0 = Debug|Any CPU
		{A1DC5C8D-9CB3-4910-B19E-E6A7D4BA5682}.Release|Any CPU.ActiveCfg = Release|Any CPU
		{A1DC5C8D-9CB3-4910-B19E-E6A7D4BA5682}.Release|Any CPU.Build.0 = Release|Any CPU
	EndGlobalSection
	GlobalSection(SolutionProperties) = preSolution
		HideSolutionNode = FALSE
	EndGlobalSection
	GlobalSection(ExtensibilityGlobals) = postSolution
		SolutionGuid = {B51428AA-9A19-43D0-B460-27B663A87E42}
	EndGlobalSection
EndGlobal
